
Microsoft Visual Studio Solution File, Format Version 12.00
# Visual Studio Version 17
VisualStudioVersion = 17.8.34525.116
MinimumVisualStudioVersion = 10.0.40219.1
Project("{FAE04EC0-301F-11D3-BF4B-00C04F79EFBC}") = "VendedorArray", "VendedorArray\VendedorArray.csproj", "{2F96BBDB-16E9-48BF-9146-D6355B37CAEB}"
EndProject
Global
	GlobalSection(SolutionConfigurationPlatforms) = preSolution
		Debug|Any CPU = Debug|Any CPU
		Release|Any CPU = Release|Any CPU
	EndGlobalSection
	GlobalSection(ProjectConfigurationPlatforms) = postSolution
		{2F96BBDB-16E9-48BF-9146-D6355B37CAEB}.Debug|Any CPU.ActiveCfg = Debug|Any CPU
		{2F96BBDB-16E9-48BF-9146-D6355B37CAEB}.Debug|Any CPU.Build.0 = Debug|Any CPU
		{2F96BBDB-16E9-48BF-9146-D6355B37CAEB}.Release|Any CPU.ActiveCfg = Release|Any CPU
		{2F96BBDB-16E9-48BF-9146-D6355B37CAEB}.Release|Any CPU.Build.0 = Release|Any CPU
	EndGlobalSection
	GlobalSection(SolutionProperties) = preSolution
		HideSolutionNode = FALSE
	EndGlobalSection
	GlobalSection(ExtensibilityGlobals) = postSolution
		SolutionGuid = {B850E876-625D-408F-B279-3C8AC91348C3}
	EndGlobalSection
EndGlobal
